
Microsoft Visual Studio Solution File, Format Version 12.00
# Visual Studio 15
VisualStudioVersion = 15.0.27004.2010
MinimumVisualStudioVersion = 10.0.40219.1
Project("{FAE04EC0-301F-11D3-BF4B-00C04F79EFBC}") = "IGenomics", "IGenomics\IGenomics.csproj", "{A7D74E5A-8F32-45C5-B7F4-B2E60AB30795}"
EndProject
Global
	GlobalSection(SolutionConfigurationPlatforms) = preSolution
		Debug|Any CPU = Debug|Any CPU
		Release|Any CPU = Release|Any CPU
	EndGlobalSection
	GlobalSection(ProjectConfigurationPlatforms) = postSolution
		{A7D74E5A-8F32-45C5-B7F4-B2E60AB30795}.Debug|Any CPU.ActiveCfg = Debug|Any CPU
		{A7D74E5A-8F32-45C5-B7F4-B2E60AB30795}.Debug|Any CPU.Build.0 = Debug|Any CPU
		{A7D74E5A-8F32-45C5-B7F4-B2E60AB30795}.Release|Any CPU.ActiveCfg = Release|Any CPU
		{A7D74E5A-8F32-45C5-B7F4-B2E60AB30795}.Release|Any CPU.Build.0 = Release|Any CPU
	EndGlobalSection
	GlobalSection(SolutionProperties) = preSolution
		HideSolutionNode = FALSE
	EndGlobalSection
	GlobalSection(ExtensibilityGlobals) = postSolution
		SolutionGuid = {F3DEBC38-D006-467D-8203-74D3231A65A4}
	EndGlobalSection
EndGlobal
