
Microsoft Visual Studio Solution File, Format Version 12.00
# Visual Studio 15
VisualStudioVersion = 15.0.27130.2027
MinimumVisualStudioVersion = 10.0.40219.1
Project("{9A19103F-16F7-4668-BE54-9A1E7A4F7556}") = "GeUtilities", "GeUtilities\GeUtilities.csproj", "{A6840AD6-1382-433B-8284-BE4254BB5DCC}"
EndProject
Project("{9A19103F-16F7-4668-BE54-9A1E7A4F7556}") = "GeUtilities.Tests", "GeUtilities.Tests\GeUtilities.Tests.csproj", "{6BEC93C7-A3DD-481E-AF23-8235A6FAC179}"
EndProject
Global
	GlobalSection(SolutionConfigurationPlatforms) = preSolution
		Debug|Any CPU = Debug|Any CPU
		Release|Any CPU = Release|Any CPU
	EndGlobalSection
	GlobalSection(ProjectConfigurationPlatforms) = postSolution
		{A6840AD6-1382-433B-8284-BE4254BB5DCC}.Debug|Any CPU.ActiveCfg = Debug|Any CPU
		{A6840AD6-1382-433B-8284-BE4254BB5DCC}.Debug|Any CPU.Build.0 = Debug|Any CPU
		{A6840AD6-1382-433B-8284-BE4254BB5DCC}.Release|Any CPU.ActiveCfg = Release|Any CPU
		{A6840AD6-1382-433B-8284-BE4254BB5DCC}.Release|Any CPU.Build.0 = Release|Any CPU
		{6BEC93C7-A3DD-481E-AF23-8235A6FAC179}.Debug|Any CPU.ActiveCfg = Debug|Any CPU
		{6BEC93C7-A3DD-481E-AF23-8235A6FAC179}.Debug|Any CPU.Build.0 = Debug|Any CPU
		{6BEC93C7-A3DD-481E-AF23-8235A6FAC179}.Release|Any CPU.ActiveCfg = Release|Any CPU
		{6BEC93C7-A3DD-481E-AF23-8235A6FAC179}.Release|Any CPU.Build.0 = Release|Any CPU
	EndGlobalSection
	GlobalSection(SolutionProperties) = preSolution
		HideSolutionNode = FALSE
	EndGlobalSection
	GlobalSection(ExtensibilityGlobals) = postSolution
		SolutionGuid = {F3DEBC38-D006-467D-8203-74D3231A65A4}
	EndGlobalSection
EndGlobal
